<?xml version="1.0" encoding="utf-8"?>
<Project ToolsVersion="4.0" xmlns="http://schemas.microsoft.com/developer/msbuild/2003">
  <ItemGroup>
    <ClCompile Include="main.cpp" />
    <ClCompile Include="MainWindow.cpp">
      <Filter>Window</Filter>
    </ClCompile>
    <ClCompile Include="Connection.cpp">
      <Filter>NeuralNet</Filter>
    </ClCompile>
    <ClCompile Include="Network.cpp">
      <Filter>NeuralNet</Filter>
    </ClCompile>
    <ClCompile Include="Random.cpp">
      <Filter>Utils</Filter>
    </ClCompile>
    <ClCompile Include="Neuron.cpp">
      <Filter>NeuralNet</Filter>
    </ClCompile>
  </ItemGroup>
  <ItemGroup>
    <Filter Include="Window">
      <UniqueIdentifier>{efefcfe0-3e20-4f1b-9b28-9bb14727837c}</UniqueIdentifier>
    </Filter>
    <Filter Include="NeuralNet">
      <UniqueIdentifier>{e68156bc-5fe3-4eea-b246-cd5c23e8587c}</UniqueIdentifier>
    </Filter>
    <Filter Include="Utils">
      <UniqueIdentifier>{b45cf05c-a0ad-4d6e-b15f-19526bf4e194}</UniqueIdentifier>
    </Filter>
  </ItemGroup>
  <ItemGroup>
    <ClInclude Include="MainWindow.h">
      <Filter>Window</Filter>
    </ClInclude>
    <ClInclude Include="Neuron.h">
      <Filter>NeuralNet</Filter>
    </ClInclude>
    <ClInclude Include="Network.h">
      <Filter>NeuralNet</Filter>
    </ClInclude>
    <ClInclude Include="Connection.h">
      <Filter>NeuralNet</Filter>
    </ClInclude>
    <ClInclude Include="Random.h">
      <Filter>Utils</Filter>
    </ClInclude>
    <ClInclude Include="ActivationFunction.h">
      <Filter>NeuralNet</Filter>
    </ClInclude>
  </ItemGroup>
</Project>